
Microsoft Visual Studio Solution File, Format Version 12.00
# Visual Studio Version 17
VisualStudioVersion = 17.11.35327.3
MinimumVisualStudioVersion = 10.0.40219.1
Project("{FAE04EC0-301F-11D3-BF4B-00C04F79EFBC}") = "StoryRecognition", "StoryRecognition.csproj", "{B98FC9A4-D3C5-404E-93EF-DFD35F0C1026}"
EndProject
Global
	GlobalSection(SolutionConfigurationPlatforms) = preSolution
		Debug|Any CPU = Debug|Any CPU
		Release|Any CPU = Release|Any CPU
	EndGlobalSection
	GlobalSection(ProjectConfigurationPlatforms) = postSolution
		{B98FC9A4-D3C5-404E-93EF-DFD35F0C1026}.Debug|Any CPU.ActiveCfg = Debug|Any CPU
		{B98FC9A4-D3C5-404E-93EF-DFD35F0C1026}.Debug|Any CPU.Build.0 = Debug|Any CPU
		{B98FC9A4-D3C5-404E-93EF-DFD35F0C1026}.Release|Any CPU.ActiveCfg = Release|Any CPU
		{B98FC9A4-D3C5-404E-93EF-DFD35F0C1026}.Release|Any CPU.Build.0 = Release|Any CPU
	EndGlobalSection
	GlobalSection(SolutionProperties) = preSolution
		HideSolutionNode = FALSE
	EndGlobalSection
	GlobalSection(ExtensibilityGlobals) = postSolution
		SolutionGuid = {1F43E14C-6BED-4D9D-A715-4D41025B274D}
	EndGlobalSection
EndGlobal
